// !$*UTF8*$!
{
	archiveVersion = 1;
	classes = {
	};
	objectVersion = 46;
	objects = {

/* Begin PBXBuildFile section */
		AF39657519B8A7370017A83B /* Foundation.framework in Frameworks */ = {isa = PBXBuildFile; fileRef = AF39657419B8A7370017A83B /* Foundation.framework */; };
		AF39657719B8A7370017A83B /* CoreGraphics.framework in Frameworks */ = {isa = PBXBuildFile; fileRef = AF39657619B8A7370017A83B /* CoreGraphics.framework */; };
		AF39657919B8A7370017A83B /* UIKit.framework in Frameworks */ = {isa = PBXBuildFile; fileRef = AF39657819B8A7370017A83B /* UIKit.framework */; };
		AF39657F19B8A7370017A83B /* InfoPlist.strings in Resources */ = {isa = PBXBuildFile; fileRef = AF39657D19B8A7370017A83B /* InfoPlist.strings */; };
		AF39658119B8A7370017A83B /* main.m in Sources */ = {isa = PBXBuildFile; fileRef = AF39658019B8A7370017A83B /* main.m */; };
		AF39658519B8A7370017A83B /* DIAppDelegate.m in Sources */ = {isa = PBXBuildFile; fileRef = AF39658419B8A7370017A83B /* DIAppDelegate.m */; };
		AF39658819B8A7370017A83B /* Main.storyboard in Resources */ = {isa = PBXBuildFile; fileRef = AF39658619B8A7370017A83B /* Main.storyboard */; };
		AF39658B19B8A7370017A83B /* DIViewController.m in Sources */ = {isa = PBXBuildFile; fileRef = AF39658A19B8A7370017A83B /* DIViewController.m */; };
		AF39658D19B8A7370017A83B /* Images.xcassets in Resources */ = {isa = PBXBuildFile; fileRef = AF39658C19B8A7370017A83B /* Images.xcassets */; };
		AF39659419B8A7370017A83B /* XCTest.framework in Frameworks */ = {isa = PBXBuildFile; fileRef = AF39659319B8A7370017A83B /* XCTest.framework */; };
		AF39659519B8A7370017A83B /* Foundation.framework in Frameworks */ = {isa = PBXBuildFile; fileRef = AF39657419B8A7370017A83B /* Foundation.framework */; };
		AF39659619B8A7370017A83B /* UIKit.framework in Frameworks */ = {isa = PBXBuildFile; fileRef = AF39657819B8A7370017A83B /* UIKit.framework */; };
		AF39659E19B8A7370017A83B /* InfoPlist.strings in Resources */ = {isa = PBXBuildFile; fileRef = AF39659C19B8A7370017A83B /* InfoPlist.strings */; };
		AF3965A019B8A7370017A83B /* Git_TestTests.m in Sources */ = {isa = PBXBuildFile; fileRef = AF39659F19B8A7370017A83B /* Git_TestTests.m */; };
/* End PBXBuildFile section */

/* Begin PBXContainerItemProxy section */
		AF39659719B8A7370017A83B /* PBXContainerItemProxy */ = {
			isa = PBXContainerItemProxy;
			containerPortal = AF39656919B8A7370017A83B /* Project object */;
			proxyType = 1;
			remoteGlobalIDString = AF39657019B8A7370017A83B;
			remoteInfo = "Git Test";
		};
/* End PBXContainerItemProxy section */

/* Begin PBXFileReference section */
		AF39657119B8A7370017A83B /* Git Test.app */ = {isa = PBXFileReference; explicitFileType = wrapper.application; includeInIndex = 0; path = "Git Test.app"; sourceTree = BUILT_PRODUCTS_DIR; };
		AF39657419B8A7370017A83B /* Foundation.framework */ = {isa = PBXFileReference; lastKnownFileType = wrapper.framework; name = Foundation.framework; path = System/Library/Frameworks/Foundation.framework; sourceTree = SDKROOT; };
		AF39657619B8A7370017A83B /* CoreGraphics.framework */ = {isa = PBXFileReference; lastKnownFileType = wrapper.framework; name = CoreGraphics.framework; path = System/Library/Frameworks/CoreGraphics.framework; sourceTree = SDKROOT; };
		AF39657819B8A7370017A83B /* UIKit.framework */ = {isa = PBXFileReference; lastKnownFileType = wrapper.framework; name = UIKit.framework; path = System/Library/Frameworks/UIKit.framework; sourceTree = SDKROOT; };
		AF39657C19B8A7370017A83B /* Git Test-Info.plist */ = {isa = PBXFileReference; lastKnownFileType = text.plist.xml; path = "Git Test-Info.plist"; sourceTree = "<group>"; };
		AF39657E19B8A7370017A83B /* en */ = {isa = PBXFileReference; lastKnownFileType = text.plist.strings; name = en; path = en.lproj/InfoPlist.strings; sourceTree = "<group>"; };
		AF39658019B8A7370017A83B /* main.m */ = {isa = PBXFileReference; lastKnownFileType = sourcecode.c.objc; path = main.m; sourceTree = "<group>"; };
		AF39658219B8A7370017A83B /* Git Test-Prefix.pch */ = {isa = PBXFileReference; lastKnownFileType = sourcecode.c.h; path = "Git Test-Prefix.pch"; sourceTree = "<group>"; };
		AF39658319B8A7370017A83B /* DIAppDelegate.h */ = {isa = PBXFileReference; lastKnownFileType = sourcecode.c.h; path = DIAppDelegate.h; sourceTree = "<group>"; };
		AF39658419B8A7370017A83B /* DIAppDelegate.m */ = {isa = PBXFileReference; lastKnownFileType = sourcecode.c.objc; path = DIAppDelegate.m; sourceTree = "<group>"; };
		AF39658719B8A7370017A83B /* Base */ = {isa = PBXFileReference; lastKnownFileType = file.storyboard; name = Base; path = Base.lproj/Main.storyboard; sourceTree = "<group>"; };
		AF39658919B8A7370017A83B /* DIViewController.h */ = {isa = PBXFileReference; lastKnownFileType = sourcecode.c.h; path = DIViewController.h; sourceTree = "<group>"; };
		AF39658A19B8A7370017A83B /* DIViewController.m */ = {isa = PBXFileReference; lastKnownFileType = sourcecode.c.objc; path = DIViewController.m; sourceTree = "<group>"; };
		AF39658C19B8A7370017A83B /* Images.xcassets */ = {isa = PBXFileReference; lastKnownFileType = folder.assetcatalog; path = Images.xcassets; sourceTree = "<group>"; };
		AF39659219B8A7370017A83B /* Git TestTests.xctest */ = {isa = PBXFileReference; explicitFileType = wrapper.cfbundle; includeInIndex = 0; path = "Git TestTests.xctest"; sourceTree = BUILT_PRODUCTS_DIR; };
		AF39659319B8A7370017A83B /* XCTest.framework */ = {isa = PBXFileReference; lastKnownFileType = wrapper.framework; name = XCTest.framework; path = Library/Frameworks/XCTest.framework; sourceTree = DEVELOPER_DIR; };
		AF39659B19B8A7370017A83B /* Git TestTests-Info.plist */ = {isa = PBXFileReference; lastKnownFileType = text.plist.xml; path = "Git TestTests-Info.plist"; sourceTree = "<group>"; };
		AF39659D19B8A7370017A83B /* en */ = {isa = PBXFileReference; lastKnownFileType = text.plist.strings; name = en; path = en.lproj/InfoPlist.strings; sourceTree = "<group>"; };
		AF39659F19B8A7370017A83B /* Git_TestTests.m */ = {isa = PBXFileReference; lastKnownFileType = sourcecode.c.objc; path = Git_TestTests.m; sourceTree = "<group>"; };
/* End PBXFileReference section */

/* Begin PBXFrameworksBuildPhase section */
		AF39656E19B8A7370017A83B /* Frameworks */ = {
			isa = PBXFrameworksBuildPhase;
			buildActionMask = 2147483647;
			files = (
				AF39657719B8A7370017A83B /* CoreGraphics.framework in Frameworks */,
				AF39657919B8A7370017A83B /* UIKit.framework in Frameworks */,
				AF39657519B8A7370017A83B /* Foundation.framework in Frameworks */,
			);
			runOnlyForDeploymentPostprocessing = 0;
		};
		AF39658F19B8A7370017A83B /* Frameworks */ = {
			isa = PBXFrameworksBuildPhase;
			buildActionMask = 2147483647;
			files = (
				AF39659419B8A7370017A83B /* XCTest.framework in Frameworks */,
				AF39659619B8A7370017A83B /* UIKit.framework in Frameworks */,
				AF39659519B8A7370017A83B /* Foundation.framework in Frameworks */,
			);
			runOnlyForDeploymentPostprocessing = 0;
		};
/* End PBXFrameworksBuildPhase section */

/* Begin PBXGroup section */
		AF39656819B8A7370017A83B = {
			isa = PBXGroup;
			children = (
				AF39657A19B8A7370017A83B /* Git Test */,
				AF39659919B8A7370017A83B /* Git TestTests */,
				AF39657319B8A7370017A83B /* Frameworks */,
				AF39657219B8A7370017A83B /* Products */,
			);
			sourceTree = "<group>";
		};
		AF39657219B8A7370017A83B /* Products */ = {
			isa = PBXGroup;
			children = (
				AF39657119B8A7370017A83B /* Git Test.app */,
				AF39659219B8A7370017A83B /* Git TestTests.xctest */,
			);
			name = Products;
			sourceTree = "<group>";
		};
		AF39657319B8A7370017A83B /* Frameworks */ = {
			isa = PBXGroup;
			children = (
				AF39657419B8A7370017A83B /* Foundation.framework */,
				AF39657619B8A7370017A83B /* CoreGraphics.framework */,
				AF39657819B8A7370017A83B /* UIKit.framework */,
				AF39659319B8A7370017A83B /* XCTest.framework */,
			);
			name = Frameworks;
			sourceTree = "<group>";
		};
		AF39657A19B8A7370017A83B /* Git Test */ = {
			isa = PBXGroup;
			children = (
				AF39658319B8A7370017A83B /* DIAppDelegate.h */,
				AF39658419B8A7370017A83B /* DIAppDelegate.m */,
				AF39658619B8A7370017A83B /* Main.storyboard */,
				AF39658919B8A7370017A83B /* DIViewController.h */,
				AF39658A19B8A7370017A83B /* DIViewController.m */,
				AF39658C19B8A7370017A83B /* Images.xcassets */,
				AF39657B19B8A7370017A83B /* Supporting Files */,
			);
			path = "Git Test";
			sourceTree = "<group>";
		};
		AF39657B19B8A7370017A83B /* Supporting Files */ = {
			isa = PBXGroup;
			children = (
				AF39657C19B8A7370017A83B /* Git Test-Info.plist */,
				AF39657D19B8A7370017A83B /* InfoPlist.strings */,
				AF39658019B8A7370017A83B /* main.m */,
				AF39658219B8A7370017A83B /* Git Test-Prefix.pch */,
			);
			name = "Supporting Files";
			sourceTree = "<group>";
		};
		AF39659919B8A7370017A83B /* Git TestTests */ = {
			isa = PBXGroup;
			children = (
				AF39659F19B8A7370017A83B /* Git_TestTests.m */,
				AF39659A19B8A7370017A83B /* Supporting Files */,
			);
			path = "Git TestTests";
			sourceTree = "<group>";
		};
		AF39659A19B8A7370017A83B /* Supporting Files */ = {
			isa = PBXGroup;
			children = (
				AF39659B19B8A7370017A83B /* Git TestTests-Info.plist */,
				AF39659C19B8A7370017A83B /* InfoPlist.strings */,
			);
			name = "Supporting Files";
			sourceTree = "<group>";
		};
/* End PBXGroup section */

/* Begin PBXNativeTarget section */
		AF39657019B8A7370017A83B /* Git Test */ = {
			isa = PBXNativeTarget;
			buildConfigurationList = AF3965A319B8A7370017A83B /* Build configuration list for PBXNativeTarget "Git Test" */;
			buildPhases = (
				AF39656D19B8A7370017A83B /* Sources */,
				AF39656E19B8A7370017A83B /* Frameworks */,
				AF39656F19B8A7370017A83B /* Resources */,
			);
			buildRules = (
			);
			dependencies = (
			);
			name = "Git Test";
			productName = "Git Test";
			productReference = AF39657119B8A7370017A83B /* Git Test.app */;
			productType = "com.apple.product-type.application";
		};
		AF39659119B8A7370017A83B /* Git TestTests */ = {
			isa = PBXNativeTarget;
			buildConfigurationList = AF3965A619B8A7370017A83B /* Build configuration list for PBXNativeTarget "Git TestTests" */;
			buildPhases = (
				AF39658E19B8A7370017A83B /* Sources */,
				AF39658F19B8A7370017A83B /* Frameworks */,
				AF39659019B8A7370017A83B /* Resources */,
			);
			buildRules = (
			);
			dependencies = (
				AF39659819B8A7370017A83B /* PBXTargetDependency */,
			);
			name = "Git TestTests";
			productName = "Git TestTests";
			productReference = AF39659219B8A7370017A83B /* Git TestTests.xctest */;
			productType = "com.apple.product-type.bundle.unit-test";
		};
/* End PBXNativeTarget section */

/* Begin PBXProject section */
		AF39656919B8A7370017A83B /* Project object */ = {
			isa = PBXProject;
			attributes = {
				CLASSPREFIX = DI;
				LastUpgradeCheck = 0510;
				ORGANIZATIONNAME = dibicioglu;
				TargetAttributes = {
					AF39659119B8A7370017A83B = {
						TestTargetID = AF39657019B8A7370017A83B;
					};
				};
			};
			buildConfigurationList = AF39656C19B8A7370017A83B /* Build configuration list for PBXProject "Git Test" */;
			compatibilityVersion = "Xcode 3.2";
			developmentRegion = English;
			hasScannedForEncodings = 0;
			knownRegions = (
				en,
				Base,
			);
			mainGroup = AF39656819B8A7370017A83B;
			productRefGroup = AF39657219B8A7370017A83B /* Products */;
			projectDirPath = "";
			projectRoot = "";
			targets = (
				AF39657019B8A7370017A83B /* Git Test */,
				AF39659119B8A7370017A83B /* Git TestTests */,
			);
		};
/* End PBXProject section */

/* Begin PBXResourcesBuildPhase section */
		AF39656F19B8A7370017A83B /* Resources */ = {
			isa = PBXResourcesBuildPhase;
			buildActionMask = 2147483647;
			files = (
				AF39658D19B8A7370017A83B /* Images.xcassets in Resources */,
				AF39657F19B8A7370017A83B /* InfoPlist.strings in Resources */,
				AF39658819B8A7370017A83B /* Main.storyboard in Resources */,
			);
			runOnlyForDeploymentPostprocessing = 0;
		};
		AF39659019B8A7370017A83B /* Resources */ = {
			isa = PBXResourcesBuildPhase;
			buildActionMask = 2147483647;
			files = (
				AF39659E19B8A7370017A83B /* InfoPlist.strings in Resources */,
			);
			runOnlyForDeploymentPostprocessing = 0;
		};
/* End PBXResourcesBuildPhase section */

/* Begin PBXSourcesBuildPhase section */
		AF39656D19B8A7370017A83B /* Sources */ = {
			isa = PBXSourcesBuildPhase;
			buildActionMask = 2147483647;
			files = (
				AF39658119B8A7370017A83B /* main.m in Sources */,
				AF39658B19B8A7370017A83B /* DIViewController.m in Sources */,
				AF39658519B8A7370017A83B /* DIAppDelegate.m in Sources */,
			);
			runOnlyForDeploymentPostprocessing = 0;
		};
		AF39658E19B8A7370017A83B /* Sources */ = {
			isa = PBXSourcesBuildPhase;
			buildActionMask = 2147483647;
			files = (
				AF3965A019B8A7370017A83B /* Git_TestTests.m in Sources */,
			);
			runOnlyForDeploymentPostprocessing = 0;
		};
/* End PBXSourcesBuildPhase section */

/* Begin PBXTargetDependency section */
		AF39659819B8A7370017A83B /* PBXTargetDependency */ = {
			isa = PBXTargetDependency;
			target = AF39657019B8A7370017A83B /* Git Test */;
			targetProxy = AF39659719B8A7370017A83B /* PBXContainerItemProxy */;
		};
/* End PBXTargetDependency section */

/* Begin PBXVariantGroup section */
		AF39657D19B8A7370017A83B /* InfoPlist.strings */ = {
			isa = PBXVariantGroup;
			children = (
				AF39657E19B8A7370017A83B /* en */,
			);
			name = InfoPlist.strings;
			sourceTree = "<group>";
		};
		AF39658619B8A7370017A83B /* Main.storyboard */ = {
			isa = PBXVariantGroup;
			children = (
				AF39658719B8A7370017A83B /* Base */,
			);
			name = Main.storyboard;
			sourceTree = "<group>";
		};
		AF39659C19B8A7370017A83B /* InfoPlist.strings */ = {
			isa = PBXVariantGroup;
			children = (
				AF39659D19B8A7370017A83B /* en */,
			);
			name = InfoPlist.strings;
			sourceTree = "<group>";
		};
/* End PBXVariantGroup section */

/* Begin XCBuildConfiguration section */
		AF3965A119B8A7370017A83B /* Debug */ = {
			isa = XCBuildConfiguration;
			buildSettings = {
				ALWAYS_SEARCH_USER_PATHS = NO;
				CLANG_CXX_LANGUAGE_STANDARD = "gnu++0x";
				CLANG_CXX_LIBRARY = "libc++";
				CLANG_ENABLE_MODULES = YES;
				CLANG_ENABLE_OBJC_ARC = YES;
				CLANG_WARN_BOOL_CONVERSION = YES;
				CLANG_WARN_CONSTANT_CONVERSION = YES;
				CLANG_WARN_DIRECT_OBJC_ISA_USAGE = YES_ERROR;
				CLANG_WARN_EMPTY_BODY = YES;
				CLANG_WARN_ENUM_CONVERSION = YES;
				CLANG_WARN_INT_CONVERSION = YES;
				CLANG_WARN_OBJC_ROOT_CLASS = YES_ERROR;
				CLANG_WARN__DUPLICATE_METHOD_MATCH = YES;
				"CODE_SIGN_IDENTITY[sdk=iphoneos*]" = "iPhone Developer";
				COPY_PHASE_STRIP = NO;
				GCC_C_LANGUAGE_STANDARD = gnu99;
				GCC_DYNAMIC_NO_PIC = NO;
				GCC_OPTIMIZATION_LEVEL = 0;
				GCC_PREPROCESSOR_DEFINITIONS = (
					"DEBUG=1",
					"$(inherited)",
				);
				GCC_SYMBOLS_PRIVATE_EXTERN = NO;
				GCC_WARN_64_TO_32_BIT_CONVERSION = YES;
				GCC_WARN_ABOUT_RETURN_TYPE = YES_ERROR;
				GCC_WARN_UNDECLARED_SELECTOR = YES;
				GCC_WARN_UNINITIALIZED_AUTOS = YES_AGGRESSIVE;
				GCC_WARN_UNUSED_FUNCTION = YES;
				GCC_WARN_UNUSED_VARIABLE = YES;
				IPHONEOS_DEPLOYMENT_TARGET = 7.1;
				ONLY_ACTIVE_ARCH = YES;
				SDKROOT = iphoneos;
			};
			name = Debug;
		};
		AF3965A219B8A7370017A83B /* Release */ = {
			isa = XCBuildConfiguration;
			buildSettings = {
				ALWAYS_SEARCH_USER_PATHS = NO;
				CLANG_CXX_LANGUAGE_STANDARD = "gnu++0x";
				CLANG_CXX_LIBRARY = "libc++";
				CLANG_ENABLE_MODULES = YES;
				CLANG_ENABLE_OBJC_ARC = YES;
				CLANG_WARN_BOOL_CONVERSION = YES;
				CLANG_WARN_CONSTANT_CONVERSION = YES;
				CLANG_WARN_DIRECT_OBJC_ISA_USAGE = YES_ERROR;
				CLANG_WARN_EMPTY_BODY = YES;
				CLANG_WARN_ENUM_CONVERSION = YES;
				CLANG_WARN_INT_CONVERSION = YES;
				CLANG_WARN_OBJC_ROOT_CLASS = YES_ERROR;
				CLANG_WARN__DUPLICATE_METHOD_MATCH = YES;
				"CODE_SIGN_IDENTITY[sdk=iphoneos*]" = "iPhone Developer";
				COPY_PHASE_STRIP = YES;
				ENABLE_NS_ASSERTIONS = NO;
				GCC_C_LANGUAGE_STANDARD = gnu99;
				GCC_WARN_64_TO_32_BIT_CONVERSION = YES;
				GCC_WARN_ABOUT_RETURN_TYPE = YES_ERROR;
				GCC_WARN_UNDECLARED_SELECTOR = YES;
				GCC_WARN_UNINITIALIZED_AUTOS = YES_AGGRESSIVE;
				GCC_WARN_UNUSED_FUNCTION = YES;
				GCC_WARN_UNUSED_VARIABLE = YES;
				IPHONEOS_DEPLOYMENT_TARGET = 7.1;
				SDKROOT = iphoneos;
				VALIDATE_PRODUCT = YES;
			};
			name = Release;
		};
		AF3965A419B8A7370017A83B /* Debug */ = {
			isa = XCBuildConfiguration;
			buildSettings = {
				ASSETCATALOG_COMPILER_APPICON_NAME = AppIcon;
				ASSETCATALOG_COMPILER_LAUNCHIMAGE_NAME = LaunchImage;
				GCC_PRECOMPILE_PREFIX_HEADER = YES;
				GCC_PREFIX_HEADER = "Git Test/Git Test-Prefix.pch";
				INFOPLIST_FILE = "Git Test/Git Test-Info.plist";
				PRODUCT_NAME = "$(TARGET_NAME)";
				WRAPPER_EXTENSION = app;
			};
			name = Debug;
		};
		AF3965A519B8A7370017A83B /* Release */ = {
			isa = XCBuildConfiguration;
			buildSettings = {
				ASSETCATALOG_COMPILER_APPICON_NAME = AppIcon;
				ASSETCATALOG_COMPILER_LAUNCHIMAGE_NAME = LaunchImage;
				GCC_PRECOMPILE_PREFIX_HEADER = YES;
				GCC_PREFIX_HEADER = "Git Test/Git Test-Prefix.pch";
				INFOPLIST_FILE = "Git Test/Git Test-Info.plist";
				PRODUCT_NAME = "$(TARGET_NAME)";
				WRAPPER_EXTENSION = app;
			};
			name = Release;
		};
		AF3965A719B8A7370017A83B /* Debug */ = {
			isa = XCBuildConfiguration;
			buildSettings = {
				BUNDLE_LOADER = "$(BUILT_PRODUCTS_DIR)/Git Test.app/Git Test";
				FRAMEWORK_SEARCH_PATHS = (
					"$(SDKROOT)/Developer/Library/Frameworks",
					"$(inherited)",
					"$(DEVELOPER_FRAMEWORKS_DIR)",
				);
				GCC_PRECOMPILE_PREFIX_HEADER = YES;
				GCC_PREFIX_HEADER = "Git Test/Git Test-Prefix.pch";
				GCC_PREPROCESSOR_DEFINITIONS = (
					"DEBUG=1",
					"$(inherited)",
				);
				INFOPLIST_FILE = "Git TestTests/Git TestTests-Info.plist";
				PRODUCT_NAME = "$(TARGET_NAME)";
				TEST_HOST = "$(BUNDLE_LOADER)";
				WRAPPER_EXTENSION = xctest;
			};
			name = Debug;
		};
		AF3965A819B8A7370017A83B /* Release */ = {
			isa = XCBuildConfiguration;
			buildSettings = {
				BUNDLE_LOADER = "$(BUILT_PRODUCTS_DIR)/Git Test.app/Git Test";
				FRAMEWORK_SEARCH_PATHS = (
					"$(SDKROOT)/Developer/Library/Frameworks",
					"$(inherited)",
					"$(DEVELOPER_FRAMEWORKS_DIR)",
				);
				GCC_PRECOMPILE_PREFIX_HEADER = YES;
				GCC_PREFIX_HEADER = "Git Test/Git Test-Prefix.pch";
				INFOPLIST_FILE = "Git TestTests/Git TestTests-Info.plist";
				PRODUCT_NAME = "$(TARGET_NAME)";
				TEST_HOST = "$(BUNDLE_LOADER)";
				WRAPPER_EXTENSION = xctest;
			};
			name = Release;
		};
/* End XCBuildConfiguration section */

/* Begin XCConfigurationList section */
		AF39656C19B8A7370017A83B /* Build configuration list for PBXProject "Git Test" */ = {
			isa = XCConfigurationList;
			buildConfigurations = (
				AF3965A119B8A7370017A83B /* Debug */,
				AF3965A219B8A7370017A83B /* Release */,
			);
			defaultConfigurationIsVisible = 0;
			defaultConfigurationName = Release;
		};
		AF3965A319B8A7370017A83B /* Build configuration list for PBXNativeTarget "Git Test" */ = {
			isa = XCConfigurationList;
			buildConfigurations = (
				AF3965A419B8A7370017A83B /* Debug */,
				AF3965A519B8A7370017A83B /* Release */,
			);
			defaultConfigurationIsVisible = 0;
		};
		AF3965A619B8A7370017A83B /* Build configuration list for PBXNativeTarget "Git TestTests" */ = {
			isa = XCConfigurationList;
			buildConfigurations = (
				AF3965A719B8A7370017A83B /* Debug */,
				AF3965A819B8A7370017A83B /* Release */,
			);
			defaultConfigurationIsVisible = 0;
		};
/* End XCConfigurationList section */
	};
	rootObject = AF39656919B8A7370017A83B /* Project object */;
}
